
Microsoft Visual Studio Solution File, Format Version 12.00
# Visual Studio Version 17
VisualStudioVersion = 17.0.31903.59
MinimumVisualStudioVersion = 10.0.40219.1
Project("{FAE04EC0-301F-11D3-BF4B-00C04F79EFBC}") = "Dandraka.Slurper", "Dandraka.Slurper\Dandraka.Slurper.csproj", "{D42ECAC1-A393-4E80-B09A-38785312B0F1}"
EndProject
Project("{FAE04EC0-301F-11D3-BF4B-00C04F79EFBC}") = "Dandraka.Slurper.Tests", "Dandraka.Slurper.Tests\Dandraka.Slurper.Tests.csproj", "{C2389741-BF48-464E-B0E3-6C262BF0F52C}"
EndProject
Global
	GlobalSection(SolutionConfigurationPlatforms) = preSolution
		Debug|Any CPU = Debug|Any CPU
		Release|Any CPU = Release|Any CPU
	EndGlobalSection
	GlobalSection(SolutionProperties) = preSolution
		HideSolutionNode = FALSE
	EndGlobalSection
	GlobalSection(ProjectConfigurationPlatforms) = postSolution
		{D42ECAC1-A393-4E80-B09A-38785312B0F1}.Debug|Any CPU.ActiveCfg = Debug|Any CPU
		{D42ECAC1-A393-4E80-B09A-38785312B0F1}.Debug|Any CPU.Build.0 = Debug|Any CPU
		{D42ECAC1-A393-4E80-B09A-38785312B0F1}.Release|Any CPU.ActiveCfg = Release|Any CPU
		{D42ECAC1-A393-4E80-B09A-38785312B0F1}.Release|Any CPU.Build.0 = Release|Any CPU
		{C2389741-BF48-464E-B0E3-6C262BF0F52C}.Debug|Any CPU.ActiveCfg = Debug|Any CPU
		{C2389741-BF48-464E-B0E3-6C262BF0F52C}.Debug|Any CPU.Build.0 = Debug|Any CPU
		{C2389741-BF48-464E-B0E3-6C262BF0F52C}.Release|Any CPU.ActiveCfg = Release|Any CPU
		{C2389741-BF48-464E-B0E3-6C262BF0F52C}.Release|Any CPU.Build.0 = Release|Any CPU
	EndGlobalSection
EndGlobal
